{
  "nodes": {
    "mofapy2-env": {
      "inputs": {
        "nixpkgs": "nixpkgs_2"
      },
      "locked": {
        "lastModified": 1715607092,
        "narHash": "sha256-IFRsEMxfcHa3gkNwiu1p3xDl44ZYfU78GyBcxM+5zBo=",
        "owner": "1pakch",
        "repo": "mofapy2-env",
        "rev": "d19db0179d199435345a37f87d88f3a9c5f21d93",
        "type": "github"
      },
      "original": {
        "owner": "1pakch",
        "repo": "mofapy2-env",
        "type": "github"
      }
    },
    "nixpkgs": {
      "locked": {
        "lastModified": 1710806803,
        "narHash": "sha256-qrxvLS888pNJFwJdK+hf1wpRCSQcqA6W5+Ox202NDa0=",
        "owner": "nixos",
        "repo": "nixpkgs",
        "rev": "b06025f1533a1e07b6db3e75151caa155d1c7eb3",
        "type": "github"
      },
      "original": {
        "owner": "nixos",
        "ref": "nixos-unstable",
        "repo": "nixpkgs",
        "type": "github"
      }
    },
    "nixpkgs_2": {
      "locked": {
        "lastModified": 1715447595,
        "narHash": "sha256-VsVAUQOj/cS1LCOmMjAGeRksXIAdPnFIjCQ0XLkCsT0=",
        "owner": "nixos",
        "repo": "nixpkgs",
        "rev": "062ca2a9370a27a35c524dc82d540e6e9824b652",
        "type": "github"
      },
      "original": {
        "owner": "nixos",
        "ref": "nixos-unstable",
        "repo": "nixpkgs",
        "type": "github"
      }
    },
    "nixpkgs_3": {
      "locked": {
        "lastModified": 1715534503,
        "narHash": "sha256-5ZSVkFadZbFP1THataCaSf0JH2cAH3S29hU9rrxTEqk=",
        "owner": "nixos",
        "repo": "nixpkgs",
        "rev": "2057814051972fa1453ddfb0d98badbea9b83c06",
        "type": "github"
      },
      "original": {
        "owner": "nixos",
        "ref": "nixos-unstable",
        "repo": "nixpkgs",
        "type": "github"
      }
    },
    "r-mofa2-env": {
      "inputs": {
        "mofapy2-env": "mofapy2-env",
        "nixpkgs": "nixpkgs_3"
      },
      "locked": {
        "lastModified": 1715676792,
        "narHash": "sha256-vEDD4sJP2J1Hqy4GpCekDEWMi1VyYlbri5inAs8fhjs=",
        "owner": "1pakch",
        "repo": "r-mofa2-env",
        "rev": "8d607eb2c2f544c1e6f492ce6bf7c196bf3189c4",
        "type": "github"
      },
      "original": {
        "owner": "1pakch",
        "repo": "r-mofa2-env",
        "type": "github"
      }
    },
    "root": {
      "inputs": {
        "nixpkgs": "nixpkgs",
        "r-mofa2-env": "r-mofa2-env"
      }
    }
  },
  "root": "root",
  "version": 7
}
